PODS:
  - Kingfisher (5.13.0):
    - Kingfisher/Core (= 5.13.0)
  - Kingfisher/Core (5.13.0)
  - RxCocoa (5.0.1):
    - RxRelay (~> 5)
    - RxSwift (~> 5)
  - RxRelay (5.0.1):
    - RxSwift (~> 5)
  - RxSwift (5.0.1)
  - Starscream (4.0.0)
  - SwiftSocket (2.0.2)

DEPENDENCIES:
  - Kingfisher (~> 5.0)
  - RxCocoa (~> 5)
  - RxSwift (~> 5)
  - Starscream
  - SwiftSocket (from `https://github.com/odariusgeorge/SwiftSocket.git`, branch `patch-1`)

SPEC REPOS:
  trunk:
    - Kingfisher
    - RxCocoa
    - RxRelay
    - RxSwift
    - Starscream

EXTERNAL SOURCES:
  SwiftSocket:
    :branch: patch-1
    :git: https://github.com/odariusgeorge/SwiftSocket.git

CHECKOUT OPTIONS:
  SwiftSocket:
    :commit: 24ee358a41fef2e56c8c2fce7d0c64c81981f049
    :git: https://github.com/odariusgeorge/SwiftSocket.git

SPEC CHECKSUMS:
  Kingfisher: 0d334cada987fcddbe9b5cec516406e1ee9d4748
  RxCocoa: e741b9749968e8a143e2b787f1dfbff2b63d0a5c
  RxRelay: 89d54507f4fd4d969e6ec1d4bd7f3673640b4640
  RxSwift: e2dc62b366a3adf6a0be44ba9f405efd4c94e0c4
  Starscream: 04b26f02727e10a002e6b5d21b188ba0d049910b
  SwiftSocket: c8d482e867ae4d3eb4c769e9382e123c1f1f833b

PODFILE CHECKSUM: ef77b51d82d179593621079d0ff8c9d38b3e0f14

COCOAPODS: 1.8.4
